
Microsoft Visual Studio Solution File, Format Version 12.00
# Visual Studio 15
VisualStudioVersion = 15.0.28307.136
MinimumVisualStudioVersion = 10.0.40219.1
Project("{FAE04EC0-301F-11D3-BF4B-00C04F79EFBC}") = "Test-SLAM", "Test-SLAM\Test-SLAM.csproj", "{154F20A1-E25B-4DC0-8253-4932D1DF2586}"
EndProject
Global
	GlobalSection(SolutionConfigurationPlatforms) = preSolution
		Debug|Any CPU = Debug|Any CPU
		Release|Any CPU = Release|Any CPU
	EndGlobalSection
	GlobalSection(ProjectConfigurationPlatforms) = postSolution
		{154F20A1-E25B-4DC0-8253-4932D1DF2586}.Debug|Any CPU.ActiveCfg = Debug|Any CPU
		{154F20A1-E25B-4DC0-8253-4932D1DF2586}.Debug|Any CPU.Build.0 = Debug|Any CPU
		{154F20A1-E25B-4DC0-8253-4932D1DF2586}.Release|Any CPU.ActiveCfg = Release|Any CPU
		{154F20A1-E25B-4DC0-8253-4932D1DF2586}.Release|Any CPU.Build.0 = Release|Any CPU
	EndGlobalSection
	GlobalSection(SolutionProperties) = preSolution
		HideSolutionNode = FALSE
	EndGlobalSection
	GlobalSection(ExtensibilityGlobals) = postSolution
		SolutionGuid = {B5069931-D64D-490F-B505-817E0B45F5B2}
	EndGlobalSection
EndGlobal
